// !$*UTF8*$!
{
	archiveVersion = 1;
	classes = {
	};
	objectVersion = 56;
	objects = {

/* Begin PBXBuildFile section */
		F5319F872A45E6EF006E4BBB /* OptionCell.swift in Sources */ = {isa = PBXBuildFile; fileRef = F5319F862A45E6EF006E4BBB /* OptionCell.swift */; };
		F5319F8C2A462D4B006E4BBB /* BetterSegmentedControl in Frameworks */ = {isa = PBXBuildFile; productRef = F5319F8B2A462D4B006E4BBB /* BetterSegmentedControl */; };
		F5A559162A4711E400AF32A6 /* SelectedFoodCell.swift in Sources */ = {isa = PBXBuildFile; fileRef = F5A559152A4711E400AF32A6 /* SelectedFoodCell.swift */; };
		F5C6A7062A3B441000B400AC /* FixelText-Thin.ttf in Resources */ = {isa = PBXBuildFile; fileRef = F5C6A6FD2A3B440F00B400AC /* FixelText-Thin.ttf */; };
		F5C6A7072A3B441000B400AC /* FixelText-Light.ttf in Resources */ = {isa = PBXBuildFile; fileRef = F5C6A6FE2A3B440F00B400AC /* FixelText-Light.ttf */; };
		F5C6A7082A3B441000B400AC /* FixelText-Medium.ttf in Resources */ = {isa = PBXBuildFile; fileRef = F5C6A6FF2A3B440F00B400AC /* FixelText-Medium.ttf */; };
		F5C6A7092A3B441000B400AC /* FixelText-SemiBold.ttf in Resources */ = {isa = PBXBuildFile; fileRef = F5C6A7002A3B440F00B400AC /* FixelText-SemiBold.ttf */; };
		F5C6A70A2A3B441000B400AC /* FixelText-ExtraLight.ttf in Resources */ = {isa = PBXBuildFile; fileRef = F5C6A7012A3B440F00B400AC /* FixelText-ExtraLight.ttf */; };
		F5C6A70B2A3B441000B400AC /* FixelText-Black.ttf in Resources */ = {isa = PBXBuildFile; fileRef = F5C6A7022A3B440F00B400AC /* FixelText-Black.ttf */; };
		F5C6A70C2A3B441000B400AC /* FixelText-Bold.ttf in Resources */ = {isa = PBXBuildFile; fileRef = F5C6A7032A3B441000B400AC /* FixelText-Bold.ttf */; };
		F5C6A70D2A3B441000B400AC /* FixelText-Regular.ttf in Resources */ = {isa = PBXBuildFile; fileRef = F5C6A7042A3B441000B400AC /* FixelText-Regular.ttf */; };
		F5C6A70E2A3B441000B400AC /* FixelText-ExtraBold.ttf in Resources */ = {isa = PBXBuildFile; fileRef = F5C6A7052A3B441000B400AC /* FixelText-ExtraBold.ttf */; };
		F5C6A7102A3B814C00B400AC /* SearchBar.swift in Sources */ = {isa = PBXBuildFile; fileRef = F5C6A70F2A3B814C00B400AC /* SearchBar.swift */; };
		F5C6A7122A3BBB4800B400AC /* FoodCell.swift in Sources */ = {isa = PBXBuildFile; fileRef = F5C6A7112A3BBB4800B400AC /* FoodCell.swift */; };
		F5C6A7142A3BC72900B400AC /* Food.swift in Sources */ = {isa = PBXBuildFile; fileRef = F5C6A7132A3BC72900B400AC /* Food.swift */; };
		F5C6A71A2A3C897400B400AC /* AddMealView.swift in Sources */ = {isa = PBXBuildFile; fileRef = F5C6A7192A3C897400B400AC /* AddMealView.swift */; };
		F5C6A7232A3C9D3300B400AC /* UIColorExtension.swift in Sources */ = {isa = PBXBuildFile; fileRef = F5C6A7222A3C9D3300B400AC /* UIColorExtension.swift */; };
		F5C6A7282A3DDEDA00B400AC /* UICornerExtension.swift in Sources */ = {isa = PBXBuildFile; fileRef = F5C6A7272A3DDEDA00B400AC /* UICornerExtension.swift */; };
		F5C6A72B2A3DE10700B400AC /* SnapKit in Frameworks */ = {isa = PBXBuildFile; productRef = F5C6A72A2A3DE10700B400AC /* SnapKit */; };
		F5C9A5C02A4635AE00E718EE /* Meal.swift in Sources */ = {isa = PBXBuildFile; fileRef = F5C9A5BF2A4635AE00E718EE /* Meal.swift */; };
		F5C9A5C32A46598D00E718EE /* MealCell.swift in Sources */ = {isa = PBXBuildFile; fileRef = F5C9A5C22A46598D00E718EE /* MealCell.swift */; };
		F5ED82872A373E2400D89D44 /* AppDelegate.swift in Sources */ = {isa = PBXBuildFile; fileRef = F5ED82862A373E2400D89D44 /* AppDelegate.swift */; };
		F5ED82892A373E2400D89D44 /* SceneDelegate.swift in Sources */ = {isa = PBXBuildFile; fileRef = F5ED82882A373E2400D89D44 /* SceneDelegate.swift */; };
		F5ED828B2A373E2400D89D44 /* AddMealViewController.swift in Sources */ = {isa = PBXBuildFile; fileRef = F5ED828A2A373E2400D89D44 /* AddMealViewController.swift */; };
		F5ED82902A373E2500D89D44 /* Assets.xcassets in Resources */ = {isa = PBXBuildFile; fileRef = F5ED828F2A373E2500D89D44 /* Assets.xcassets */; };
		F5ED82932A373E2500D89D44 /* LaunchScreen.storyboard in Resources */ = {isa = PBXBuildFile; fileRef = F5ED82912A373E2500D89D44 /* LaunchScreen.storyboard */; };
/* End PBXBuildFile section */

/* Begin PBXFileReference section */
		F5319F862A45E6EF006E4BBB /* OptionCell.swift */ = {isa = PBXFileReference; lastKnownFileType = sourcecode.swift; path = OptionCell.swift; sourceTree = "<group>"; };
		F5A559152A4711E400AF32A6 /* SelectedFoodCell.swift */ = {isa = PBXFileReference; lastKnownFileType = sourcecode.swift; path = SelectedFoodCell.swift; sourceTree = "<group>"; };
		F5C6A6FD2A3B440F00B400AC /* FixelText-Thin.ttf */ = {isa = PBXFileReference; lastKnownFileType = file; path = "FixelText-Thin.ttf"; sourceTree = "<group>"; };
		F5C6A6FE2A3B440F00B400AC /* FixelText-Light.ttf */ = {isa = PBXFileReference; lastKnownFileType = file; path = "FixelText-Light.ttf"; sourceTree = "<group>"; };
		F5C6A6FF2A3B440F00B400AC /* FixelText-Medium.ttf */ = {isa = PBXFileReference; lastKnownFileType = file; path = "FixelText-Medium.ttf"; sourceTree = "<group>"; };
		F5C6A7002A3B440F00B400AC /* FixelText-SemiBold.ttf */ = {isa = PBXFileReference; lastKnownFileType = file; path = "FixelText-SemiBold.ttf"; sourceTree = "<group>"; };
		F5C6A7012A3B440F00B400AC /* FixelText-ExtraLight.ttf */ = {isa = PBXFileReference; lastKnownFileType = file; path = "FixelText-ExtraLight.ttf"; sourceTree = "<group>"; };
		F5C6A7022A3B440F00B400AC /* FixelText-Black.ttf */ = {isa = PBXFileReference; lastKnownFileType = file; path = "FixelText-Black.ttf"; sourceTree = "<group>"; };
		F5C6A7032A3B441000B400AC /* FixelText-Bold.ttf */ = {isa = PBXFileReference; lastKnownFileType = file; path = "FixelText-Bold.ttf"; sourceTree = "<group>"; };
		F5C6A7042A3B441000B400AC /* FixelText-Regular.ttf */ = {isa = PBXFileReference; lastKnownFileType = file; path = "FixelText-Regular.ttf"; sourceTree = "<group>"; };
		F5C6A7052A3B441000B400AC /* FixelText-ExtraBold.ttf */ = {isa = PBXFileReference; lastKnownFileType = file; path = "FixelText-ExtraBold.ttf"; sourceTree = "<group>"; };
		F5C6A70F2A3B814C00B400AC /* SearchBar.swift */ = {isa = PBXFileReference; lastKnownFileType = sourcecode.swift; path = SearchBar.swift; sourceTree = "<group>"; };
		F5C6A7112A3BBB4800B400AC /* FoodCell.swift */ = {isa = PBXFileReference; lastKnownFileType = sourcecode.swift; path = FoodCell.swift; sourceTree = "<group>"; };
		F5C6A7132A3BC72900B400AC /* Food.swift */ = {isa = PBXFileReference; lastKnownFileType = sourcecode.swift; path = Food.swift; sourceTree = "<group>"; };
		F5C6A7192A3C897400B400AC /* AddMealView.swift */ = {isa = PBXFileReference; lastKnownFileType = sourcecode.swift; path = AddMealView.swift; sourceTree = "<group>"; };
		F5C6A7222A3C9D3300B400AC /* UIColorExtension.swift */ = {isa = PBXFileReference; lastKnownFileType = sourcecode.swift; path = UIColorExtension.swift; sourceTree = "<group>"; };
		F5C6A7272A3DDEDA00B400AC /* UICornerExtension.swift */ = {isa = PBXFileReference; lastKnownFileType = sourcecode.swift; path = UICornerExtension.swift; sourceTree = "<group>"; };
		F5C9A5BF2A4635AE00E718EE /* Meal.swift */ = {isa = PBXFileReference; lastKnownFileType = sourcecode.swift; path = Meal.swift; sourceTree = "<group>"; };
		F5C9A5C22A46598D00E718EE /* MealCell.swift */ = {isa = PBXFileReference; lastKnownFileType = sourcecode.swift; path = MealCell.swift; sourceTree = "<group>"; };
		F5ED82832A373E2400D89D44 /* TestTask.app */ = {isa = PBXFileReference; explicitFileType = wrapper.application; includeInIndex = 0; path = TestTask.app; sourceTree = BUILT_PRODUCTS_DIR; };
		F5ED82862A373E2400D89D44 /* AppDelegate.swift */ = {isa = PBXFileReference; lastKnownFileType = sourcecode.swift; path = AppDelegate.swift; sourceTree = "<group>"; };
		F5ED82882A373E2400D89D44 /* SceneDelegate.swift */ = {isa = PBXFileReference; lastKnownFileType = sourcecode.swift; path = SceneDelegate.swift; sourceTree = "<group>"; };
		F5ED828A2A373E2400D89D44 /* AddMealViewController.swift */ = {isa = PBXFileReference; lastKnownFileType = sourcecode.swift; path = AddMealViewController.swift; sourceTree = "<group>"; };
		F5ED828F2A373E2500D89D44 /* Assets.xcassets */ = {isa = PBXFileReference; lastKnownFileType = folder.assetcatalog; path = Assets.xcassets; sourceTree = "<group>"; };
		F5ED82922A373E2500D89D44 /* Base */ = {isa = PBXFileReference; lastKnownFileType = file.storyboard; name = Base; path = Base.lproj/LaunchScreen.storyboard; sourceTree = "<group>"; };
		F5ED82942A373E2500D89D44 /* Info.plist */ = {isa = PBXFileReference; lastKnownFileType = text.plist.xml; name = Info.plist; path = TestTask/Resources/Info.plist; sourceTree = SOURCE_ROOT; };
/* End PBXFileReference section */

/* Begin PBXFrameworksBuildPhase section */
		F5ED82802A373E2400D89D44 /* Frameworks */ = {
			isa = PBXFrameworksBuildPhase;
			buildActionMask = 2147483647;
			files = (
				F5C6A72B2A3DE10700B400AC /* SnapKit in Frameworks */,
				F5319F8C2A462D4B006E4BBB /* BetterSegmentedControl in Frameworks */,
			);
			runOnlyForDeploymentPostprocessing = 0;
		};
/* End PBXFrameworksBuildPhase section */

/* Begin PBXGroup section */
		F5C6A6FC2A3B43D300B400AC /* Fonts */ = {
			isa = PBXGroup;
			children = (
				F5C6A7022A3B440F00B400AC /* FixelText-Black.ttf */,
				F5C6A7032A3B441000B400AC /* FixelText-Bold.ttf */,
				F5C6A7052A3B441000B400AC /* FixelText-ExtraBold.ttf */,
				F5C6A7012A3B440F00B400AC /* FixelText-ExtraLight.ttf */,
				F5C6A6FE2A3B440F00B400AC /* FixelText-Light.ttf */,
				F5C6A6FF2A3B440F00B400AC /* FixelText-Medium.ttf */,
				F5C6A7042A3B441000B400AC /* FixelText-Regular.ttf */,
				F5C6A7002A3B440F00B400AC /* FixelText-SemiBold.ttf */,
				F5C6A6FD2A3B440F00B400AC /* FixelText-Thin.ttf */,
			);
			path = Fonts;
			sourceTree = "<group>";
		};
		F5C6A7152A3BC73500B400AC /* Views */ = {
			isa = PBXGroup;
			children = (
				F5C6A7192A3C897400B400AC /* AddMealView.swift */,
				F5C6A70F2A3B814C00B400AC /* SearchBar.swift */,
				F5C6A7112A3BBB4800B400AC /* FoodCell.swift */,
				F5319F862A45E6EF006E4BBB /* OptionCell.swift */,
				F5A559152A4711E400AF32A6 /* SelectedFoodCell.swift */,
				F5C9A5C22A46598D00E718EE /* MealCell.swift */,
			);
			path = Views;
			sourceTree = "<group>";
		};
		F5C6A7172A3C750200B400AC /* Resources */ = {
			isa = PBXGroup;
			children = (
				F5ED828F2A373E2500D89D44 /* Assets.xcassets */,
				F5ED82912A373E2500D89D44 /* LaunchScreen.storyboard */,
				F5ED82942A373E2500D89D44 /* Info.plist */,
			);
			path = Resources;
			sourceTree = "<group>";
		};
		F5C6A7182A3C754100B400AC /* Controller */ = {
			isa = PBXGroup;
			children = (
				F5ED828A2A373E2400D89D44 /* AddMealViewController.swift */,
			);
			path = Controller;
			sourceTree = "<group>";
		};
		F5C6A7212A3C9D1500B400AC /* UIExtensions */ = {
			isa = PBXGroup;
			children = (
				F5C6A7222A3C9D3300B400AC /* UIColorExtension.swift */,
				F5C6A7272A3DDEDA00B400AC /* UICornerExtension.swift */,
			);
			path = UIExtensions;
			sourceTree = "<group>";
		};
		F5C9A5C12A46376B00E718EE /* Models */ = {
			isa = PBXGroup;
			children = (
				F5C6A7132A3BC72900B400AC /* Food.swift */,
				F5C9A5BF2A4635AE00E718EE /* Meal.swift */,
			);
			path = Models;
			sourceTree = "<group>";
		};
		F5ED827A2A373E2400D89D44 = {
			isa = PBXGroup;
			children = (
				F5ED82852A373E2400D89D44 /* TestTask */,
				F5ED82842A373E2400D89D44 /* Products */,
			);
			sourceTree = "<group>";
		};
		F5ED82842A373E2400D89D44 /* Products */ = {
			isa = PBXGroup;
			children = (
				F5ED82832A373E2400D89D44 /* TestTask.app */,
			);
			name = Products;
			sourceTree = "<group>";
		};
		F5ED82852A373E2400D89D44 /* TestTask */ = {
			isa = PBXGroup;
			children = (
				F5ED82862A373E2400D89D44 /* AppDelegate.swift */,
				F5ED82882A373E2400D89D44 /* SceneDelegate.swift */,
				F5C6A7212A3C9D1500B400AC /* UIExtensions */,
				F5C6A6FC2A3B43D300B400AC /* Fonts */,
				F5C6A7152A3BC73500B400AC /* Views */,
				F5C6A7182A3C754100B400AC /* Controller */,
				F5C9A5C12A46376B00E718EE /* Models */,
				F5C6A7172A3C750200B400AC /* Resources */,
			);
			path = TestTask;
			sourceTree = "<group>";
		};
/* End PBXGroup section */

/* Begin PBXNativeTarget section */
		F5ED82822A373E2400D89D44 /* TestTask */ = {
			isa = PBXNativeTarget;
			buildConfigurationList = F5ED82972A373E2500D89D44 /* Build configuration list for PBXNativeTarget "TestTask" */;
			buildPhases = (
				F5ED827F2A373E2400D89D44 /* Sources */,
				F5ED82802A373E2400D89D44 /* Frameworks */,
				F5ED82812A373E2400D89D44 /* Resources */,
			);
			buildRules = (
			);
			dependencies = (
			);
			name = TestTask;
			packageProductDependencies = (
				F5C6A72A2A3DE10700B400AC /* SnapKit */,
				F5319F8B2A462D4B006E4BBB /* BetterSegmentedControl */,
			);
			productName = TestTask;
			productReference = F5ED82832A373E2400D89D44 /* TestTask.app */;
			productType = "com.apple.product-type.application";
		};
/* End PBXNativeTarget section */

/* Begin PBXProject section */
		F5ED827B2A373E2400D89D44 /* Project object */ = {
			isa = PBXProject;
			attributes = {
				BuildIndependentTargetsInParallel = 1;
				LastSwiftUpdateCheck = 1430;
				LastUpgradeCheck = 1430;
				TargetAttributes = {
					F5ED82822A373E2400D89D44 = {
						CreatedOnToolsVersion = 14.3;
					};
				};
			};
			buildConfigurationList = F5ED827E2A373E2400D89D44 /* Build configuration list for PBXProject "TestTask" */;
			compatibilityVersion = "Xcode 14.0";
			developmentRegion = en;
			hasScannedForEncodings = 0;
			knownRegions = (
				en,
				Base,
			);
			mainGroup = F5ED827A2A373E2400D89D44;
			packageReferences = (
				F5C6A7292A3DE10700B400AC /* XCRemoteSwiftPackageReference "SnapKit" */,
				F5319F8A2A462D4A006E4BBB /* XCRemoteSwiftPackageReference "BetterSegmentedControl" */,
			);
			productRefGroup = F5ED82842A373E2400D89D44 /* Products */;
			projectDirPath = "";
			projectRoot = "";
			targets = (
				F5ED82822A373E2400D89D44 /* TestTask */,
			);
		};
/* End PBXProject section */

/* Begin PBXResourcesBuildPhase section */
		F5ED82812A373E2400D89D44 /* Resources */ = {
			isa = PBXResourcesBuildPhase;
			buildActionMask = 2147483647;
			files = (
				F5C6A7092A3B441000B400AC /* FixelText-SemiBold.ttf in Resources */,
				F5ED82932A373E2500D89D44 /* LaunchScreen.storyboard in Resources */,
				F5C6A70A2A3B441000B400AC /* FixelText-ExtraLight.ttf in Resources */,
				F5C6A7082A3B441000B400AC /* FixelText-Medium.ttf in Resources */,
				F5ED82902A373E2500D89D44 /* Assets.xcassets in Resources */,
				F5C6A70B2A3B441000B400AC /* FixelText-Black.ttf in Resources */,
				F5C6A7072A3B441000B400AC /* FixelText-Light.ttf in Resources */,
				F5C6A70C2A3B441000B400AC /* FixelText-Bold.ttf in Resources */,
				F5C6A7062A3B441000B400AC /* FixelText-Thin.ttf in Resources */,
				F5C6A70E2A3B441000B400AC /* FixelText-ExtraBold.ttf in Resources */,
				F5C6A70D2A3B441000B400AC /* FixelText-Regular.ttf in Resources */,
			);
			runOnlyForDeploymentPostprocessing = 0;
		};
/* End PBXResourcesBuildPhase section */

/* Begin PBXSourcesBuildPhase section */
		F5ED827F2A373E2400D89D44 /* Sources */ = {
			isa = PBXSourcesBuildPhase;
			buildActionMask = 2147483647;
			files = (
				F5319F872A45E6EF006E4BBB /* OptionCell.swift in Sources */,
				F5ED828B2A373E2400D89D44 /* AddMealViewController.swift in Sources */,
				F5C6A7102A3B814C00B400AC /* SearchBar.swift in Sources */,
				F5C9A5C32A46598D00E718EE /* MealCell.swift in Sources */,
				F5C9A5C02A4635AE00E718EE /* Meal.swift in Sources */,
				F5C6A7282A3DDEDA00B400AC /* UICornerExtension.swift in Sources */,
				F5C6A7122A3BBB4800B400AC /* FoodCell.swift in Sources */,
				F5C6A7232A3C9D3300B400AC /* UIColorExtension.swift in Sources */,
				F5A559162A4711E400AF32A6 /* SelectedFoodCell.swift in Sources */,
				F5C6A71A2A3C897400B400AC /* AddMealView.swift in Sources */,
				F5C6A7142A3BC72900B400AC /* Food.swift in Sources */,
				F5ED82872A373E2400D89D44 /* AppDelegate.swift in Sources */,
				F5ED82892A373E2400D89D44 /* SceneDelegate.swift in Sources */,
			);
			runOnlyForDeploymentPostprocessing = 0;
		};
/* End PBXSourcesBuildPhase section */

/* Begin PBXVariantGroup section */
		F5ED82912A373E2500D89D44 /* LaunchScreen.storyboard */ = {
			isa = PBXVariantGroup;
			children = (
				F5ED82922A373E2500D89D44 /* Base */,
			);
			name = LaunchScreen.storyboard;
			sourceTree = "<group>";
		};
/* End PBXVariantGroup section */

/* Begin XCBuildConfiguration section */
		F5ED82952A373E2500D89D44 /* Debug */ = {
			isa = XCBuildConfiguration;
			buildSettings = {
				ALWAYS_SEARCH_USER_PATHS = NO;
				CLANG_ANALYZER_NONNULL = YES;
				CLANG_ANALYZER_NUMBER_OBJECT_CONVERSION = YES_AGGRESSIVE;
				CLANG_CXX_LANGUAGE_STANDARD = "gnu++20";
				CLANG_ENABLE_MODULES = YES;
				CLANG_ENABLE_OBJC_ARC = YES;
				CLANG_ENABLE_OBJC_WEAK = YES;
				CLANG_WARN_BLOCK_CAPTURE_AUTORELEASING = YES;
				CLANG_WARN_BOOL_CONVERSION = YES;
				CLANG_WARN_COMMA = YES;
				CLANG_WARN_CONSTANT_CONVERSION = YES;
				CLANG_WARN_DEPRECATED_OBJC_IMPLEMENTATIONS = YES;
				CLANG_WARN_DIRECT_OBJC_ISA_USAGE = YES_ERROR;
				CLANG_WARN_DOCUMENTATION_COMMENTS = YES;
				CLANG_WARN_EMPTY_BODY = YES;
				CLANG_WARN_ENUM_CONVERSION = YES;
				CLANG_WARN_INFINITE_RECURSION = YES;
				CLANG_WARN_INT_CONVERSION = YES;
				CLANG_WARN_NON_LITERAL_NULL_CONVERSION = YES;
				CLANG_WARN_OBJC_IMPLICIT_RETAIN_SELF = YES;
				CLANG_WARN_OBJC_LITERAL_CONVERSION = YES;
				CLANG_WARN_OBJC_ROOT_CLASS = YES_ERROR;
				CLANG_WARN_QUOTED_INCLUDE_IN_FRAMEWORK_HEADER = YES;
				CLANG_WARN_RANGE_LOOP_ANALYSIS = YES;
				CLANG_WARN_STRICT_PROTOTYPES = YES;
				CLANG_WARN_SUSPICIOUS_MOVE = YES;
				CLANG_WARN_UNGUARDED_AVAILABILITY = YES_AGGRESSIVE;
				CLANG_WARN_UNREACHABLE_CODE = YES;
				CLANG_WARN__DUPLICATE_METHOD_MATCH = YES;
				COPY_PHASE_STRIP = NO;
				DEBUG_INFORMATION_FORMAT = dwarf;
				ENABLE_STRICT_OBJC_MSGSEND = YES;
				ENABLE_TESTABILITY = YES;
				GCC_C_LANGUAGE_STANDARD = gnu11;
				GCC_DYNAMIC_NO_PIC = NO;
				GCC_NO_COMMON_BLOCKS = YES;
				GCC_OPTIMIZATION_LEVEL = 0;
				GCC_PREPROCESSOR_DEFINITIONS = (
					"DEBUG=1",
					"$(inherited)",
				);
				GCC_WARN_64_TO_32_BIT_CONVERSION = YES;
				GCC_WARN_ABOUT_RETURN_TYPE = YES_ERROR;
				GCC_WARN_UNDECLARED_SELECTOR = YES;
				GCC_WARN_UNINITIALIZED_AUTOS = YES_AGGRESSIVE;
				GCC_WARN_UNUSED_FUNCTION = YES;
				GCC_WARN_UNUSED_VARIABLE = YES;
				IPHONEOS_DEPLOYMENT_TARGET = 13.0;
				MTL_ENABLE_DEBUG_INFO = INCLUDE_SOURCE;
				MTL_FAST_MATH = YES;
				ONLY_ACTIVE_ARCH = YES;
				SDKROOT = iphoneos;
				SWIFT_ACTIVE_COMPILATION_CONDITIONS = DEBUG;
				SWIFT_OPTIMIZATION_LEVEL = "-Onone";
			};
			name = Debug;
		};
		F5ED82962A373E2500D89D44 /* Release */ = {
			isa = XCBuildConfiguration;
			buildSettings = {
				ALWAYS_SEARCH_USER_PATHS = NO;
				CLANG_ANALYZER_NONNULL = YES;
				CLANG_ANALYZER_NUMBER_OBJECT_CONVERSION = YES_AGGRESSIVE;
				CLANG_CXX_LANGUAGE_STANDARD = "gnu++20";
				CLANG_ENABLE_MODULES = YES;
				CLANG_ENABLE_OBJC_ARC = YES;
				CLANG_ENABLE_OBJC_WEAK = YES;
				CLANG_WARN_BLOCK_CAPTURE_AUTORELEASING = YES;
				CLANG_WARN_BOOL_CONVERSION = YES;
				CLANG_WARN_COMMA = YES;
				CLANG_WARN_CONSTANT_CONVERSION = YES;
				CLANG_WARN_DEPRECATED_OBJC_IMPLEMENTATIONS = YES;
				CLANG_WARN_DIRECT_OBJC_ISA_USAGE = YES_ERROR;
				CLANG_WARN_DOCUMENTATION_COMMENTS = YES;
				CLANG_WARN_EMPTY_BODY = YES;
				CLANG_WARN_ENUM_CONVERSION = YES;
				CLANG_WARN_INFINITE_RECURSION = YES;
				CLANG_WARN_INT_CONVERSION = YES;
				CLANG_WARN_NON_LITERAL_NULL_CONVERSION = YES;
				CLANG_WARN_OBJC_IMPLICIT_RETAIN_SELF = YES;
				CLANG_WARN_OBJC_LITERAL_CONVERSION = YES;
				CLANG_WARN_OBJC_ROOT_CLASS = YES_ERROR;
				CLANG_WARN_QUOTED_INCLUDE_IN_FRAMEWORK_HEADER = YES;
				CLANG_WARN_RANGE_LOOP_ANALYSIS = YES;
				CLANG_WARN_STRICT_PROTOTYPES = YES;
				CLANG_WARN_SUSPICIOUS_MOVE = YES;
				CLANG_WARN_UNGUARDED_AVAILABILITY = YES_AGGRESSIVE;
				CLANG_WARN_UNREACHABLE_CODE = YES;
				CLANG_WARN__DUPLICATE_METHOD_MATCH = YES;
				COPY_PHASE_STRIP = NO;
				DEBUG_INFORMATION_FORMAT = "dwarf-with-dsym";
				ENABLE_NS_ASSERTIONS = NO;
				ENABLE_STRICT_OBJC_MSGSEND = YES;
				GCC_C_LANGUAGE_STANDARD = gnu11;
				GCC_NO_COMMON_BLOCKS = YES;
				GCC_WARN_64_TO_32_BIT_CONVERSION = YES;
				GCC_WARN_ABOUT_RETURN_TYPE = YES_ERROR;
				GCC_WARN_UNDECLARED_SELECTOR = YES;
				GCC_WARN_UNINITIALIZED_AUTOS = YES_AGGRESSIVE;
				GCC_WARN_UNUSED_FUNCTION = YES;
				GCC_WARN_UNUSED_VARIABLE = YES;
				IPHONEOS_DEPLOYMENT_TARGET = 13.0;
				MTL_ENABLE_DEBUG_INFO = NO;
				MTL_FAST_MATH = YES;
				SDKROOT = iphoneos;
				SWIFT_COMPILATION_MODE = wholemodule;
				SWIFT_OPTIMIZATION_LEVEL = "-O";
				VALIDATE_PRODUCT = YES;
			};
			name = Release;
		};
		F5ED82982A373E2500D89D44 /* Debug */ = {
			isa = XCBuildConfiguration;
			buildSettings = {
				ASSETCATALOG_COMPILER_APPICON_NAME = AppIcon;
				ASSETCATALOG_COMPILER_GLOBAL_ACCENT_COLOR_NAME = AccentColor;
				CODE_SIGN_STYLE = Automatic;
				CURRENT_PROJECT_VERSION = 1;
				DEVELOPMENT_TEAM = X936W7QRV9;
				GENERATE_INFOPLIST_FILE = YES;
				INFOPLIST_FILE = TestTask/Resources/Info.plist;
				INFOPLIST_KEY_UIApplicationSupportsIndirectInputEvents = YES;
				INFOPLIST_KEY_UILaunchStoryboardName = LaunchScreen;
				INFOPLIST_KEY_UISupportedInterfaceOrientations = UIInterfaceOrientationPortrait;
				INFOPLIST_KEY_UISupportedInterfaceOrientations_iPad = "UIInterfaceOrientationLandscapeLeft UIInterfaceOrientationLandscapeRight UIInterfaceOrientationPortrait UIInterfaceOrientationPortraitUpsideDown";
				IPHONEOS_DEPLOYMENT_TARGET = 13.0;
				LD_RUNPATH_SEARCH_PATHS = (
					"$(inherited)",
					"@executable_path/Frameworks",
				);
				MARKETING_VERSION = 1.0;
				PRODUCT_BUNDLE_IDENTIFIER = F0de.TestTask;
				PRODUCT_NAME = "$(TARGET_NAME)";
				SUPPORTED_PLATFORMS = "iphoneos iphonesimulator";
				SUPPORTS_MACCATALYST = NO;
				SUPPORTS_MAC_DESIGNED_FOR_IPHONE_IPAD = NO;
				SWIFT_EMIT_LOC_STRINGS = YES;
				SWIFT_VERSION = 5.0;
				TARGETED_DEVICE_FAMILY = 1;
			};
			name = Debug;
		};
		F5ED82992A373E2500D89D44 /* Release */ = {
			isa = XCBuildConfiguration;
			buildSettings = {
				ASSETCATALOG_COMPILER_APPICON_NAME = AppIcon;
				ASSETCATALOG_COMPILER_GLOBAL_ACCENT_COLOR_NAME = AccentColor;
				CODE_SIGN_STYLE = Automatic;
				CURRENT_PROJECT_VERSION = 1;
				DEVELOPMENT_TEAM = X936W7QRV9;
				GENERATE_INFOPLIST_FILE = YES;
				INFOPLIST_FILE = TestTask/Resources/Info.plist;
				INFOPLIST_KEY_UIApplicationSupportsIndirectInputEvents = YES;
				INFOPLIST_KEY_UILaunchStoryboardName = LaunchScreen;
				INFOPLIST_KEY_UISupportedInterfaceOrientations = UIInterfaceOrientationPortrait;
				INFOPLIST_KEY_UISupportedInterfaceOrientations_iPad = "UIInterfaceOrientationLandscapeLeft UIInterfaceOrientationLandscapeRight UIInterfaceOrientationPortrait UIInterfaceOrientationPortraitUpsideDown";
				IPHONEOS_DEPLOYMENT_TARGET = 13.0;
				LD_RUNPATH_SEARCH_PATHS = (
					"$(inherited)",
					"@executable_path/Frameworks",
				);
				MARKETING_VERSION = 1.0;
				PRODUCT_BUNDLE_IDENTIFIER = F0de.TestTask;
				PRODUCT_NAME = "$(TARGET_NAME)";
				SUPPORTED_PLATFORMS = "iphoneos iphonesimulator";
				SUPPORTS_MACCATALYST = NO;
				SUPPORTS_MAC_DESIGNED_FOR_IPHONE_IPAD = NO;
				SWIFT_EMIT_LOC_STRINGS = YES;
				SWIFT_VERSION = 5.0;
				TARGETED_DEVICE_FAMILY = 1;
			};
			name = Release;
		};
/* End XCBuildConfiguration section */

/* Begin XCConfigurationList section */
		F5ED827E2A373E2400D89D44 /* Build configuration list for PBXProject "TestTask" */ = {
			isa = XCConfigurationList;
			buildConfigurations = (
				F5ED82952A373E2500D89D44 /* Debug */,
				F5ED82962A373E2500D89D44 /* Release */,
			);
			defaultConfigurationIsVisible = 0;
			defaultConfigurationName = Release;
		};
		F5ED82972A373E2500D89D44 /* Build configuration list for PBXNativeTarget "TestTask" */ = {
			isa = XCConfigurationList;
			buildConfigurations = (
				F5ED82982A373E2500D89D44 /* Debug */,
				F5ED82992A373E2500D89D44 /* Release */,
			);
			defaultConfigurationIsVisible = 0;
			defaultConfigurationName = Release;
		};
/* End XCConfigurationList section */

/* Begin XCRemoteSwiftPackageReference section */
		F5319F8A2A462D4A006E4BBB /* XCRemoteSwiftPackageReference "BetterSegmentedControl" */ = {
			isa = XCRemoteSwiftPackageReference;
			repositoryURL = "https://github.com/gmarm/BetterSegmentedControl.git";
			requirement = {
				kind = upToNextMajorVersion;
				minimumVersion = 2.0.0;
			};
		};
		F5C6A7292A3DE10700B400AC /* XCRemoteSwiftPackageReference "SnapKit" */ = {
			isa = XCRemoteSwiftPackageReference;
			repositoryURL = "https://github.com/SnapKit/SnapKit.git";
			requirement = {
				kind = upToNextMajorVersion;
				minimumVersion = 5.0.0;
			};
		};
/* End XCRemoteSwiftPackageReference section */

/* Begin XCSwiftPackageProductDependency section */
		F5319F8B2A462D4B006E4BBB /* BetterSegmentedControl */ = {
			isa = XCSwiftPackageProductDependency;
			package = F5319F8A2A462D4A006E4BBB /* XCRemoteSwiftPackageReference "BetterSegmentedControl" */;
			productName = BetterSegmentedControl;
		};
		F5C6A72A2A3DE10700B400AC /* SnapKit */ = {
			isa = XCSwiftPackageProductDependency;
			package = F5C6A7292A3DE10700B400AC /* XCRemoteSwiftPackageReference "SnapKit" */;
			productName = SnapKit;
		};
/* End XCSwiftPackageProductDependency section */
	};
	rootObject = F5ED827B2A373E2400D89D44 /* Project object */;
}
